{
  "name": "thinkjsshop",
  "version": "1.0.0",
  "lockfileVersion": 1,
  "requires": true,
  "dependencies": {
    "esprima": {
      "version": "4.0.1",
      "resolved": "https://registry.npm.taobao.org/esprima/download/esprima-4.0.1.tgz?cache=0&other_urls=https%3A%2F%2Fregistry.npm.taobao.org%2Fesprima%2Fdownload%2Fesprima-4.0.1.tgz",
      "integrity": "sha1-E7BM2z5sXRnfkatph6hpVhmwqnE="
    },
    "estraverse": {
      "version": "4.3.0",
      "resolved": "https://registry.npm.taobao.org/estraverse/download/estraverse-4.3.0.tgz",
      "integrity": "sha1-OYrT88WiSUi+dyXoPRGn3ijNvR0="
    },
    "koa-cors": {
      "version": "0.0.16",
      "resolved": "https://registry.npm.taobao.org/koa-cors/download/koa-cors-0.0.16.tgz",
      "integrity": "sha1-mBB5k6eQnjTAQphsXsYVbXfzQy4="
    }
  }
}
